{
  "nodes": {
    "flake-utils": {
      "inputs": {
        "systems": "systems"
      },
      "locked": {
        "lastModified": 1731533236,
        "narHash": "sha256-l0KFg5HjrsfsO/JpG+r7fRrqm12kzFHyUHqHCVpMMbI=",
        "owner": "numtide",
        "repo": "flake-utils",
        "rev": "11707dc2f618dd54ca8739b309ec4fc024de578b",
        "type": "github"
      },
      "original": {
        "owner": "numtide",
        "repo": "flake-utils",
        "type": "github"
      }
    },
    "nixpkgs": {
      "locked": {
        "lastModified": 1776949667,
        "narHash": "sha256-GMSVw35Q+294GlrTUKlx087E31z7KurReQ1YHSKp5iw=",
        "owner": "NixOS",
        "repo": "nixpkgs",
        "rev": "01fbdeef22b76df85ea168fbfe1bfd9e63681b30",
        "type": "github"
      },
      "original": {
        "id": "nixpkgs",
        "type": "indirect"
      }
    },
    "root": {
      "inputs": {
        "flake-utils": "flake-utils",
        "nixpkgs": "nixpkgs",
        "skia-binaries-aarch64-darwin": "skia-binaries-aarch64-darwin",
        "skia-binaries-aarch64-linux": "skia-binaries-aarch64-linux",
        "skia-binaries-x86_64-linux": "skia-binaries-x86_64-linux"
      }
    },
    "skia-binaries-aarch64-darwin": {
      "flake": false,
      "locked": {
        "narHash": "sha256-8k2f0muEP5p8RNDSMxVZ3r+LPeufeRvYCC0ZvWg08VY=",
        "type": "file",
        "url": "https://github.com/rust-skia/skia-binaries/releases/download/0.90.0/skia-binaries-da4579b39b75fa2187c5-aarch64-apple-darwin-gl-pdf-textlayout-vulkan.tar.gz"
      },
      "original": {
        "type": "file",
        "url": "https://github.com/rust-skia/skia-binaries/releases/download/0.90.0/skia-binaries-da4579b39b75fa2187c5-aarch64-apple-darwin-gl-pdf-textlayout-vulkan.tar.gz"
      }
    },
    "skia-binaries-aarch64-linux": {
      "flake": false,
      "locked": {
        "narHash": "sha256-d6Bcvz8+jRWneN1CKHZ9/630+OHkafGY/kec/uf3hBk=",
        "type": "file",
        "url": "https://github.com/rust-skia/skia-binaries/releases/download/0.90.0/skia-binaries-da4579b39b75fa2187c5-aarch64-unknown-linux-gnu-gl-pdf-textlayout-vulkan.tar.gz"
      },
      "original": {
        "type": "file",
        "url": "https://github.com/rust-skia/skia-binaries/releases/download/0.90.0/skia-binaries-da4579b39b75fa2187c5-aarch64-unknown-linux-gnu-gl-pdf-textlayout-vulkan.tar.gz"
      }
    },
    "skia-binaries-x86_64-linux": {
      "flake": false,
      "locked": {
        "narHash": "sha256-4x3zKy0SbnKHPl9T4for1hObYKuVKN2T83+AIh6HQZs=",
        "type": "file",
        "url": "https://github.com/rust-skia/skia-binaries/releases/download/0.90.0/skia-binaries-da4579b39b75fa2187c5-x86_64-unknown-linux-gnu-gl-pdf-textlayout-vulkan.tar.gz"
      },
      "original": {
        "type": "file",
        "url": "https://github.com/rust-skia/skia-binaries/releases/download/0.90.0/skia-binaries-da4579b39b75fa2187c5-x86_64-unknown-linux-gnu-gl-pdf-textlayout-vulkan.tar.gz"
      }
    },
    "systems": {
      "locked": {
        "lastModified": 1681028828,
        "narHash": "sha256-Vy1rq5AaRuLzOxct8nz4T6wlgyUR7zLU309k9mBC768=",
        "owner": "nix-systems",
        "repo": "default",
        "rev": "da67096a3b9bf56a91d16901293e51ba5b49a27e",
        "type": "github"
      },
      "original": {
        "owner": "nix-systems",
        "repo": "default",
        "type": "github"
      }
    }
  },
  "root": "root",
  "version": 7
}
